
Microsoft Visual Studio Solution File, Format Version 12.00
# Visual Studio Version 17
VisualStudioVersion = 17.4.33213.308
MinimumVisualStudioVersion = 10.0.40219.1
Project("{888888A0-9F3D-457C-B088-3A5042F75D52}") = "data_load", "data_load\data_load.pyproj", "{338A5248-37CB-46AE-8DFD-29CB18F19028}"
EndProject
Global
	GlobalSection(SolutionConfigurationPlatforms) = preSolution
		Debug|Any CPU = Debug|Any CPU
		Release|Any CPU = Release|Any CPU
	EndGlobalSection
	GlobalSection(ProjectConfigurationPlatforms) = postSolution
		{338A5248-37CB-46AE-8DFD-29CB18F19028}.Debug|Any CPU.ActiveCfg = Debug|Any CPU
		{338A5248-37CB-46AE-8DFD-29CB18F19028}.Release|Any CPU.ActiveCfg = Release|Any CPU
	EndGlobalSection
	GlobalSection(SolutionProperties) = preSolution
		HideSolutionNode = FALSE
	EndGlobalSection
	GlobalSection(ExtensibilityGlobals) = postSolution
		SolutionGuid = {2D4E66B2-21AF-467C-AAEE-970EB0FFE869}
	EndGlobalSection
EndGlobal
